
Microsoft Visual Studio Solution File, Format Version 11.00
# Visual Studio 2010
Project("{FAE04EC0-301F-11D3-BF4B-00C04F79EFBC}") = "Assembly-CSharp-Editor", "Assembly-CSharp-Editor.csproj", "{35c7f1de-f1b3-6168-63f9-7a09b188b0de}"
EndProject
Project("{FAE04EC0-301F-11D3-BF4B-00C04F79EFBC}") = "Assembly-CSharp", "Assembly-CSharp.csproj", "{838a0388-600f-1d17-b7b5-e1eaeb4ce247}"
EndProject
Global
	GlobalSection(SolutionConfigurationPlatforms) = preSolution
		Debug|Any CPU = Debug|Any CPU
	EndGlobalSection
	GlobalSection(ProjectConfigurationPlatforms) = postSolution
		{35c7f1de-f1b3-6168-63f9-7a09b188b0de}.Debug|Any CPU.ActiveCfg = Debug|Any CPU
		{35c7f1de-f1b3-6168-63f9-7a09b188b0de}.Debug|Any CPU.Build.0 = Debug|Any CPU
		{838a0388-600f-1d17-b7b5-e1eaeb4ce247}.Debug|Any CPU.ActiveCfg = Debug|Any CPU
		{838a0388-600f-1d17-b7b5-e1eaeb4ce247}.Debug|Any CPU.Build.0 = Debug|Any CPU
	EndGlobalSection
	GlobalSection(SolutionProperties) = preSolution
		HideSolutionNode = FALSE
	EndGlobalSection
EndGlobal
