
Microsoft Visual Studio Solution File, Format Version 12.00
# Visual Studio 15
Project("{FAE04EC0-301F-11D3-BF4B-00C04F79EFBC}") = "Assembly-CSharp", "Assembly-CSharp.csproj", "{88038A83-0F60-171D-B7B5-E1EAEB4CE247}"
EndProject
Project("{FAE04EC0-301F-11D3-BF4B-00C04F79EFBC}") = "Assembly-CSharp-Editor", "Assembly-CSharp-Editor.csproj", "{DEF1C735-B3F1-6861-63F9-7A09B188B0DE}"
EndProject
Global
	GlobalSection(SolutionConfigurationPlatforms) = preSolution
		Debug|Any CPU = Debug|Any CPU
		Release|Any CPU = Release|Any CPU
	EndGlobalSection
	GlobalSection(ProjectConfigurationPlatforms) = postSolution
		{88038A83-0F60-171D-B7B5-E1EAEB4CE247}.Debug|Any CPU.ActiveCfg = Debug|Any CPU
		{88038A83-0F60-171D-B7B5-E1EAEB4CE247}.Debug|Any CPU.Build.0 = Debug|Any CPU
		{88038A83-0F60-171D-B7B5-E1EAEB4CE247}.Release|Any CPU.ActiveCfg = Release|Any CPU
		{88038A83-0F60-171D-B7B5-E1EAEB4CE247}.Release|Any CPU.Build.0 = Release|Any CPU
		{DEF1C735-B3F1-6861-63F9-7A09B188B0DE}.Debug|Any CPU.ActiveCfg = Debug|Any CPU
		{DEF1C735-B3F1-6861-63F9-7A09B188B0DE}.Debug|Any CPU.Build.0 = Debug|Any CPU
		{DEF1C735-B3F1-6861-63F9-7A09B188B0DE}.Release|Any CPU.ActiveCfg = Release|Any CPU
		{DEF1C735-B3F1-6861-63F9-7A09B188B0DE}.Release|Any CPU.Build.0 = Release|Any CPU
	EndGlobalSection
	GlobalSection(SolutionProperties) = preSolution
		HideSolutionNode = FALSE
	EndGlobalSection
	GlobalSection(MonoDevelopProperties) = preSolution
		StartupItem = Assembly-CSharp.csproj
	EndGlobalSection
EndGlobal
